
Microsoft Visual Studio Solution File, Format Version 12.00
# Visual Studio Version 16
VisualStudioVersion = 16.0.30907.101
MinimumVisualStudioVersion = 10.0.40219.1
Project("{FAE04EC0-301F-11D3-BF4B-00C04F79EFBC}") = "DontBiteMeBoss", "DontBiteMeBoss.csproj", "{3E2A3DE2-9667-4ADC-B66F-C22EE82EDD3B}"
EndProject
Global
	GlobalSection(SolutionConfigurationPlatforms) = preSolution
		Debug|Any CPU = Debug|Any CPU
		Release|Any CPU = Release|Any CPU
	EndGlobalSection
	GlobalSection(ProjectConfigurationPlatforms) = postSolution
		{3E2A3DE2-9667-4ADC-B66F-C22EE82EDD3B}.Debug|Any CPU.ActiveCfg = Debug|Any CPU
		{3E2A3DE2-9667-4ADC-B66F-C22EE82EDD3B}.Debug|Any CPU.Build.0 = Debug|Any CPU
		{3E2A3DE2-9667-4ADC-B66F-C22EE82EDD3B}.Release|Any CPU.ActiveCfg = Release|Any CPU
		{3E2A3DE2-9667-4ADC-B66F-C22EE82EDD3B}.Release|Any CPU.Build.0 = Release|Any CPU
	EndGlobalSection
	GlobalSection(SolutionProperties) = preSolution
		HideSolutionNode = FALSE
	EndGlobalSection
	GlobalSection(ExtensibilityGlobals) = postSolution
		SolutionGuid = {468F6557-7AD6-4165-B3D7-54A0EB0D3A4E}
	EndGlobalSection
EndGlobal
